
Microsoft Visual Studio Solution File, Format Version 12.00
# Visual Studio 15
VisualStudioVersion = 15.0.28010.2036
MinimumVisualStudioVersion = 10.0.40219.1
Project("{FAE04EC0-301F-11D3-BF4B-00C04F79EFBC}") = "Princeton.Coursera.Algorithms.Week2_Sorting", "Princeton.Coursera.Algorithms.Week2_Sorting\Princeton.Coursera.Algorithms.Week2_Sorting.csproj", "{4F294A38-2F95-4E62-B4A8-208796C2EA2E}"
EndProject
Global
	GlobalSection(SolutionConfigurationPlatforms) = preSolution
		Debug|Any CPU = Debug|Any CPU
		Release|Any CPU = Release|Any CPU
	EndGlobalSection
	GlobalSection(ProjectConfigurationPlatforms) = postSolution
		{4F294A38-2F95-4E62-B4A8-208796C2EA2E}.Debug|Any CPU.ActiveCfg = Debug|Any CPU
		{4F294A38-2F95-4E62-B4A8-208796C2EA2E}.Debug|Any CPU.Build.0 = Debug|Any CPU
		{4F294A38-2F95-4E62-B4A8-208796C2EA2E}.Release|Any CPU.ActiveCfg = Release|Any CPU
		{4F294A38-2F95-4E62-B4A8-208796C2EA2E}.Release|Any CPU.Build.0 = Release|Any CPU
	EndGlobalSection
	GlobalSection(SolutionProperties) = preSolution
		HideSolutionNode = FALSE
	EndGlobalSection
	GlobalSection(ExtensibilityGlobals) = postSolution
		SolutionGuid = {B0CD2C17-36B7-4DF1-8E45-F3FD0008AEF8}
	EndGlobalSection
EndGlobal
